
Microsoft Visual Studio Solution File, Format Version 12.00
# Visual Studio 15
Project("{FAE04EC0-301F-11D3-BF4B-00C04F79EFBC}") = "demo-api", "demo-api\demo-api.csproj", "{FAA1F939-9BBD-4DD4-80AE-8937A2B9436E}"
EndProject
Global
	GlobalSection(SolutionConfigurationPlatforms) = preSolution
		Debug|Any CPU = Debug|Any CPU
		Release|Any CPU = Release|Any CPU
	EndGlobalSection
	GlobalSection(ProjectConfigurationPlatforms) = postSolution
		{FAA1F939-9BBD-4DD4-80AE-8937A2B9436E}.Debug|Any CPU.ActiveCfg = Debug|Any CPU
		{FAA1F939-9BBD-4DD4-80AE-8937A2B9436E}.Debug|Any CPU.Build.0 = Debug|Any CPU
		{FAA1F939-9BBD-4DD4-80AE-8937A2B9436E}.Release|Any CPU.ActiveCfg = Release|Any CPU
		{FAA1F939-9BBD-4DD4-80AE-8937A2B9436E}.Release|Any CPU.Build.0 = Release|Any CPU
	EndGlobalSection
EndGlobal
